
Microsoft Visual Studio Solution File, Format Version 12.00
# Visual Studio Version 17
VisualStudioVersion = 17.14.36121.58 d17.14
MinimumVisualStudioVersion = 10.0.40219.1
Project("{D2ABAB84-BF74-430A-B69E-9DC6D40DDA17}") = "gravity_book(ssas)", "gravity_book(ssas)\gravity_book(ssas).dwproj", "{138BCB5A-86E9-3AD0-E5F7-FA4002EFE007}"
EndProject
Global
	GlobalSection(SolutionConfigurationPlatforms) = preSolution
		Development|Default = Development|Default
	EndGlobalSection
	GlobalSection(ProjectConfigurationPlatforms) = postSolution
		{138BCB5A-86E9-3AD0-E5F7-FA4002EFE007}.Development|Default.ActiveCfg = Development
		{138BCB5A-86E9-3AD0-E5F7-FA4002EFE007}.Development|Default.Build.0 = Development
		{138BCB5A-86E9-3AD0-E5F7-FA4002EFE007}.Development|Default.Deploy.0 = Development
	EndGlobalSection
	GlobalSection(SolutionProperties) = preSolution
		HideSolutionNode = FALSE
	EndGlobalSection
	GlobalSection(ExtensibilityGlobals) = postSolution
		SolutionGuid = {5886086C-766A-4D0D-8D73-B35A2424F47C}
	EndGlobalSection
EndGlobal
